
Microsoft Visual Studio Solution File, Format Version 12.00
# Visual Studio Version 17
VisualStudioVersion = 17.14.36414.22
MinimumVisualStudioVersion = 10.0.40219.1
Project("{FAE04EC0-301F-11D3-BF4B-00C04F79EFBC}") = "CatalogService", "CatalogService\CatalogService.csproj", "{5412262C-1FA1-4F02-9730-6A83B828A59B}"
EndProject
Project("{FAE04EC0-301F-11D3-BF4B-00C04F79EFBC}") = "OrderService", "OrderService\OrderService.csproj", "{6F679AFC-CEC8-4536-8E77-D8BED5AC176F}"
EndProject
Project("{FAE04EC0-301F-11D3-BF4B-00C04F79EFBC}") = "WorkerCatalog", "WorkerCatalog\WorkerCatalog.csproj", "{8D2075D0-FF42-41C1-8FF0-B993B9199014}"
EndProject
Project("{FAE04EC0-301F-11D3-BF4B-00C04F79EFBC}") = "ApiGateway", "ApiGateway\ApiGateway.csproj", "{3377CFCB-1696-4D51-A5DD-07823092A789}"
EndProject
Project("{FAE04EC0-301F-11D3-BF4B-00C04F79EFBC}") = "OAuthServices", "OAuthServices\OAuthServices.csproj", "{77D9621C-8953-4AEC-B927-9058D6740E55}"
EndProject
Project("{E53339B2-1760-4266-BCC7-CA923CBCF16C}") = "docker-compose", "docker-compose.dcproj", "{81DDED9D-158B-E303-5F62-77A2896D2A5A}"
EndProject
Project("{FAE04EC0-301F-11D3-BF4B-00C04F79EFBC}") = "Web", "Web\Web.csproj", "{BC80D738-0F23-447E-8CEC-9CC6E99CB0DF}"
EndProject
Global
	GlobalSection(SolutionConfigurationPlatforms) = preSolution
		Debug|Any CPU = Debug|Any CPU
		Release|Any CPU = Release|Any CPU
	EndGlobalSection
	GlobalSection(ProjectConfigurationPlatforms) = postSolution
		{5412262C-1FA1-4F02-9730-6A83B828A59B}.Debug|Any CPU.ActiveCfg = Debug|Any CPU
		{5412262C-1FA1-4F02-9730-6A83B828A59B}.Debug|Any CPU.Build.0 = Debug|Any CPU
		{5412262C-1FA1-4F02-9730-6A83B828A59B}.Release|Any CPU.ActiveCfg = Release|Any CPU
		{5412262C-1FA1-4F02-9730-6A83B828A59B}.Release|Any CPU.Build.0 = Release|Any CPU
		{6F679AFC-CEC8-4536-8E77-D8BED5AC176F}.Debug|Any CPU.ActiveCfg = Debug|Any CPU
		{6F679AFC-CEC8-4536-8E77-D8BED5AC176F}.Debug|Any CPU.Build.0 = Debug|Any CPU
		{6F679AFC-CEC8-4536-8E77-D8BED5AC176F}.Release|Any CPU.ActiveCfg = Release|Any CPU
		{6F679AFC-CEC8-4536-8E77-D8BED5AC176F}.Release|Any CPU.Build.0 = Release|Any CPU
		{8D2075D0-FF42-41C1-8FF0-B993B9199014}.Debug|Any CPU.ActiveCfg = Debug|Any CPU
		{8D2075D0-FF42-41C1-8FF0-B993B9199014}.Debug|Any CPU.Build.0 = Debug|Any CPU
		{8D2075D0-FF42-41C1-8FF0-B993B9199014}.Release|Any CPU.ActiveCfg = Release|Any CPU
		{8D2075D0-FF42-41C1-8FF0-B993B9199014}.Release|Any CPU.Build.0 = Release|Any CPU
		{3377CFCB-1696-4D51-A5DD-07823092A789}.Debug|Any CPU.ActiveCfg = Debug|Any CPU
		{3377CFCB-1696-4D51-A5DD-07823092A789}.Debug|Any CPU.Build.0 = Debug|Any CPU
		{3377CFCB-1696-4D51-A5DD-07823092A789}.Release|Any CPU.ActiveCfg = Release|Any CPU
		{3377CFCB-1696-4D51-A5DD-07823092A789}.Release|Any CPU.Build.0 = Release|Any CPU
		{77D9621C-8953-4AEC-B927-9058D6740E55}.Debug|Any CPU.ActiveCfg = Debug|Any CPU
		{77D9621C-8953-4AEC-B927-9058D6740E55}.Debug|Any CPU.Build.0 = Debug|Any CPU
		{77D9621C-8953-4AEC-B927-9058D6740E55}.Release|Any CPU.ActiveCfg = Release|Any CPU
		{77D9621C-8953-4AEC-B927-9058D6740E55}.Release|Any CPU.Build.0 = Release|Any CPU
		{81DDED9D-158B-E303-5F62-77A2896D2A5A}.Debug|Any CPU.ActiveCfg = Debug|Any CPU
		{81DDED9D-158B-E303-5F62-77A2896D2A5A}.Debug|Any CPU.Build.0 = Debug|Any CPU
		{81DDED9D-158B-E303-5F62-77A2896D2A5A}.Release|Any CPU.ActiveCfg = Release|Any CPU
		{81DDED9D-158B-E303-5F62-77A2896D2A5A}.Release|Any CPU.Build.0 = Release|Any CPU
		{BC80D738-0F23-447E-8CEC-9CC6E99CB0DF}.Debug|Any CPU.ActiveCfg = Debug|Any CPU
		{BC80D738-0F23-447E-8CEC-9CC6E99CB0DF}.Debug|Any CPU.Build.0 = Debug|Any CPU
		{BC80D738-0F23-447E-8CEC-9CC6E99CB0DF}.Release|Any CPU.ActiveCfg = Release|Any CPU
		{BC80D738-0F23-447E-8CEC-9CC6E99CB0DF}.Release|Any CPU.Build.0 = Release|Any CPU
	EndGlobalSection
	GlobalSection(SolutionProperties) = preSolution
		HideSolutionNode = FALSE
	EndGlobalSection
	GlobalSection(ExtensibilityGlobals) = postSolution
		SolutionGuid = {C52E399C-B3C6-42CD-BAAF-0FB976F4BC39}
	EndGlobalSection
EndGlobal
