
Microsoft Visual Studio Solution File, Format Version 12.00
# Visual Studio Version 17
VisualStudioVersion = 17.14.36414.22 d17.14
MinimumVisualStudioVersion = 10.0.40219.1
Project("{FAE04EC0-301F-11D3-BF4B-00C04F79EFBC}") = "CatalogService", "CatalogService\CatalogService.csproj", "{5412262C-1FA1-4F02-9730-6A83B828A59B}"
EndProject
Project("{FAE04EC0-301F-11D3-BF4B-00C04F79EFBC}") = "OrderService", "OrderService\OrderService.csproj", "{6F679AFC-CEC8-4536-8E77-D8BED5AC176F}"
EndProject
Global
	GlobalSection(SolutionConfigurationPlatforms) = preSolution
		Debug|Any CPU = Debug|Any CPU
		Release|Any CPU = Release|Any CPU
	EndGlobalSection
	GlobalSection(ProjectConfigurationPlatforms) = postSolution
		{5412262C-1FA1-4F02-9730-6A83B828A59B}.Debug|Any CPU.ActiveCfg = Debug|Any CPU
		{5412262C-1FA1-4F02-9730-6A83B828A59B}.Debug|Any CPU.Build.0 = Debug|Any CPU
		{5412262C-1FA1-4F02-9730-6A83B828A59B}.Release|Any CPU.ActiveCfg = Release|Any CPU
		{5412262C-1FA1-4F02-9730-6A83B828A59B}.Release|Any CPU.Build.0 = Release|Any CPU
		{6F679AFC-CEC8-4536-8E77-D8BED5AC176F}.Debug|Any CPU.ActiveCfg = Debug|Any CPU
		{6F679AFC-CEC8-4536-8E77-D8BED5AC176F}.Debug|Any CPU.Build.0 = Debug|Any CPU
		{6F679AFC-CEC8-4536-8E77-D8BED5AC176F}.Release|Any CPU.ActiveCfg = Release|Any CPU
		{6F679AFC-CEC8-4536-8E77-D8BED5AC176F}.Release|Any CPU.Build.0 = Release|Any CPU
	EndGlobalSection
	GlobalSection(SolutionProperties) = preSolution
		HideSolutionNode = FALSE
	EndGlobalSection
	GlobalSection(ExtensibilityGlobals) = postSolution
		SolutionGuid = {C52E399C-B3C6-42CD-BAAF-0FB976F4BC39}
	EndGlobalSection
EndGlobal
